
Microsoft Visual Studio Solution File, Format Version 12.00
# Visual Studio Version 17
VisualStudioVersion = 17.3.32825.248
MinimumVisualStudioVersion = 10.0.40219.1
Project("{FAE04EC0-301F-11D3-BF4B-00C04F79EFBC}") = "2.ClassBoxDataValidation", "Encapsulation\2.ClassBoxDataValidation.csproj", "{64F85DB4-9303-4861-9BF7-AE07B45ED2A2}"
EndProject
Project("{FAE04EC0-301F-11D3-BF4B-00C04F79EFBC}") = "1.Class Box", "2.ClassBoxDataValidation\1.Class Box.csproj", "{E7499075-951C-405B-A7A3-B8B6E6C0448D}"
EndProject
Project("{FAE04EC0-301F-11D3-BF4B-00C04F79EFBC}") = "3.AnimalFarm", "AnimalFarm\3.AnimalFarm.csproj", "{34C09C2C-E5E3-470C-B8C3-E75387918DFC}"
EndProject
Project("{FAE04EC0-301F-11D3-BF4B-00C04F79EFBC}") = "4.ShoppingSpree", "ShoppingSpree\4.ShoppingSpree.csproj", "{60B8DB9C-5ACC-44C6-AB74-B10969889D3E}"
EndProject
Project("{FAE04EC0-301F-11D3-BF4B-00C04F79EFBC}") = "5.PizzaCalories", "PizzaCalories\5.PizzaCalories.csproj", "{073560DE-8C87-4399-B7D1-8764755EA9D9}"
EndProject
Global
	GlobalSection(SolutionConfigurationPlatforms) = preSolution
		Debug|Any CPU = Debug|Any CPU
		Release|Any CPU = Release|Any CPU
	EndGlobalSection
	GlobalSection(ProjectConfigurationPlatforms) = postSolution
		{64F85DB4-9303-4861-9BF7-AE07B45ED2A2}.Debug|Any CPU.ActiveCfg = Debug|Any CPU
		{64F85DB4-9303-4861-9BF7-AE07B45ED2A2}.Debug|Any CPU.Build.0 = Debug|Any CPU
		{64F85DB4-9303-4861-9BF7-AE07B45ED2A2}.Release|Any CPU.ActiveCfg = Release|Any CPU
		{64F85DB4-9303-4861-9BF7-AE07B45ED2A2}.Release|Any CPU.Build.0 = Release|Any CPU
		{E7499075-951C-405B-A7A3-B8B6E6C0448D}.Debug|Any CPU.ActiveCfg = Debug|Any CPU
		{E7499075-951C-405B-A7A3-B8B6E6C0448D}.Debug|Any CPU.Build.0 = Debug|Any CPU
		{E7499075-951C-405B-A7A3-B8B6E6C0448D}.Release|Any CPU.ActiveCfg = Release|Any CPU
		{E7499075-951C-405B-A7A3-B8B6E6C0448D}.Release|Any CPU.Build.0 = Release|Any CPU
		{34C09C2C-E5E3-470C-B8C3-E75387918DFC}.Debug|Any CPU.ActiveCfg = Debug|Any CPU
		{34C09C2C-E5E3-470C-B8C3-E75387918DFC}.Debug|Any CPU.Build.0 = Debug|Any CPU
		{34C09C2C-E5E3-470C-B8C3-E75387918DFC}.Release|Any CPU.ActiveCfg = Release|Any CPU
		{34C09C2C-E5E3-470C-B8C3-E75387918DFC}.Release|Any CPU.Build.0 = Release|Any CPU
		{60B8DB9C-5ACC-44C6-AB74-B10969889D3E}.Debug|Any CPU.ActiveCfg = Debug|Any CPU
		{60B8DB9C-5ACC-44C6-AB74-B10969889D3E}.Debug|Any CPU.Build.0 = Debug|Any CPU
		{60B8DB9C-5ACC-44C6-AB74-B10969889D3E}.Release|Any CPU.ActiveCfg = Release|Any CPU
		{60B8DB9C-5ACC-44C6-AB74-B10969889D3E}.Release|Any CPU.Build.0 = Release|Any CPU
		{073560DE-8C87-4399-B7D1-8764755EA9D9}.Debug|Any CPU.ActiveCfg = Debug|Any CPU
		{073560DE-8C87-4399-B7D1-8764755EA9D9}.Debug|Any CPU.Build.0 = Debug|Any CPU
		{073560DE-8C87-4399-B7D1-8764755EA9D9}.Release|Any CPU.ActiveCfg = Release|Any CPU
		{073560DE-8C87-4399-B7D1-8764755EA9D9}.Release|Any CPU.Build.0 = Release|Any CPU
	EndGlobalSection
	GlobalSection(SolutionProperties) = preSolution
		HideSolutionNode = FALSE
	EndGlobalSection
	GlobalSection(ExtensibilityGlobals) = postSolution
		SolutionGuid = {62348B42-9D19-4C15-A56E-E17AED0AFE4F}
	EndGlobalSection
EndGlobal
